Microsoft Visual Studio Solution File, Format Version 12.00
# Visual Studio Version 17
VisualStudioVersion = 17.5.2.0
MinimumVisualStudioVersion = 10.0.40219.1
Project("{FAE04EC0-301F-11D3-BF4B-00C04F79EFBC}") = "Last_Hope", "Last_Hope.csproj", "{ECAA9EB4-F627-0B99-49F1-EC3F3A270213}"
EndProject
Global
	GlobalSection(SolutionConfigurationPlatforms) = preSolution
		Debug|Any CPU = Debug|Any CPU
		Release|Any CPU = Release|Any CPU
	EndGlobalSection
	GlobalSection(ProjectConfigurationPlatforms) = postSolution
		{ECAA9EB4-F627-0B99-49F1-EC3F3A270213}.Debug|Any CPU.ActiveCfg = Debug|Any CPU
		{ECAA9EB4-F627-0B99-49F1-EC3F3A270213}.Debug|Any CPU.Build.0 = Debug|Any CPU
		{ECAA9EB4-F627-0B99-49F1-EC3F3A270213}.Release|Any CPU.ActiveCfg = Release|Any CPU
		{ECAA9EB4-F627-0B99-49F1-EC3F3A270213}.Release|Any CPU.Build.0 = Release|Any CPU
	EndGlobalSection
	GlobalSection(SolutionProperties) = preSolution
		HideSolutionNode = FALSE
	EndGlobalSection
	GlobalSection(ExtensibilityGlobals) = postSolution
		SolutionGuid = {441C2B72-2FFE-414C-843F-44EA8B4E9768}
	EndGlobalSection
EndGlobal
